version = 1
revision = 2
requires-python = ">=3.12"

[[package]]
name = "psutils"
version = "3.3.14"
source = { registry = "https://pypi.org/simple" }
dependencies = [
    { name = "puremagic" },
    { name = "pypdf" },
]
sdist = { url = "https://files.pythonhosted.org/packages/45/ff/4af412351a21ee38835b7597555936c547830d9a8246a2b7d2aa41aabdd3/psutils-3.3.14.tar.gz", hash = "sha256:6212167dd8c09f59c9535d5e416c4f8c01431b7a5beab0ee68f4ec416ca3980c", size = 1252713, upload-time = "2025-09-08T19:18:44.524Z" }
wheels = [
    { url = "https://files.pythonhosted.org/packages/7f/e7/7f92746cd12bbb345b02b001279b64780073915423bd265f3b70f2e2d94a/psutils-3.3.14-py3-none-any.whl", hash = "sha256:e68ad84a149321c642e9f97087aee3dcba401fb7a3b2666eeb8002aacd6b9351", size = 55290, upload-time = "2025-09-08T19:18:41.338Z" },
]

[[package]]
name = "puremagic"
version = "1.30"
source = { registry = "https://pypi.org/simple" }
sdist = { url = "https://files.pythonhosted.org/packages/dd/7f/9998706bc516bdd664ccf929a1da6c6e5ee06e48f723ce45aae7cf3ff36e/puremagic-1.30.tar.gz", hash = "sha256:f9ff7ac157d54e9cf3bff1addfd97233548e75e685282d84ae11e7ffee1614c9", size = 314785, upload-time = "2025-07-04T18:48:36.061Z" }
wheels = [
    { url = "https://files.pythonhosted.org/packages/91/ed/1e347d85d05b37a8b9a039ca832e5747e1e5248d0bd66042783ef48b4a37/puremagic-1.30-py3-none-any.whl", hash = "sha256:5eeeb2dd86f335b9cfe8e205346612197af3500c6872dffebf26929f56e9d3c1", size = 43304, upload-time = "2025-07-04T18:48:34.801Z" },
]

[[package]]
name = "pypdf"
version = "6.4.1"
source = { registry = "https://pypi.org/simple" }
sdist = { url = "https://files.pythonhosted.org/packages/0c/e0/57f914ae9fedbc91fe3ebe74b78c88903943ec9c232b6da15947bb3bf8ab/pypdf-6.4.1.tar.gz", hash = "sha256:36eb0b52730fc3077d2b8d4122751e696d46af9ef9e5383db492df1ab0cc4647", size = 5275322, upload-time = "2025-12-07T14:19:27.922Z" }
wheels = [
    { url = "https://files.pythonhosted.org/packages/db/ef/68c0f473d8b8764b23f199450dfa035e6f2206e67e9bde5dd695bab9bdf0/pypdf-6.4.1-py3-none-any.whl", hash = "sha256:1782ee0766f0b77defc305f1eb2bafe738a2ef6313f3f3d2ee85b4542ba7e535", size = 328325, upload-time = "2025-12-07T14:19:26.286Z" },
]

[[package]]
name = "python-memory-research"
version = "0.1.0"
source = { virtual = "." }
dependencies = [
    { name = "psutils" },
]

[package.metadata]
requires-dist = [{ name = "psutils", specifier = ">=3.3.14" }]
